// !$*UTF8*$!
{
	archiveVersion = 1;
	classes = {
	};
	objectVersion = 46;
	objects = {

/* Begin PBXBuildFile section */
		D7A0068B1C3A5466000F8A72 /* main.m in Sources */ = {isa = PBXBuildFile; fileRef = D7A0068A1C3A5466000F8A72 /* main.m */; };
		D7A0068E1C3A5466000F8A72 /* AppDelegate.m in Sources */ = {isa = PBXBuildFile; fileRef = D7A0068D1C3A5466000F8A72 /* AppDelegate.m */; };
		D7A006911C3A5466000F8A72 /* ViewController.m in Sources */ = {isa = PBXBuildFile; fileRef = D7A006901C3A5466000F8A72 /* ViewController.m */; };
		D7A006941C3A5466000F8A72 /* Main.storyboard in Resources */ = {isa = PBXBuildFile; fileRef = D7A006921C3A5466000F8A72 /* Main.storyboard */; };
		D7A006961C3A5466000F8A72 /* Assets.xcassets in Resources */ = {isa = PBXBuildFile; fileRef = D7A006951C3A5466000F8A72 /* Assets.xcassets */; };
		D7A006991C3A5466000F8A72 /* LaunchScreen.storyboard in Resources */ = {isa = PBXBuildFile; fileRef = D7A006971C3A5466000F8A72 /* LaunchScreen.storyboard */; };
		D7A006AA1C3A5B94000F8A72 /* Rebecca.png in Resources */ = {isa = PBXBuildFile; fileRef = D7A006A71C3A5B94000F8A72 /* Rebecca.png */; };
		D7A006AB1C3A5B94000F8A72 /* Taylor.png in Resources */ = {isa = PBXBuildFile; fileRef = D7A006A81C3A5B94000F8A72 /* Taylor.png */; };
		D7A006AD1C3A659D000F8A72 /* Ngoc Trinh.png in Resources */ = {isa = PBXBuildFile; fileRef = D7A006AC1C3A659D000F8A72 /* Ngoc Trinh.png */; };
/* End PBXBuildFile section */

/* Begin PBXFileReference section */
		D7A006861C3A5466000F8A72 /* CreatUITableView.app */ = {isa = PBXFileReference; explicitFileType = wrapper.application; includeInIndex = 0; path = CreatUITableView.app; sourceTree = BUILT_PRODUCTS_DIR; };
		D7A0068A1C3A5466000F8A72 /* main.m */ = {isa = PBXFileReference; lastKnownFileType = sourcecode.c.objc; path = main.m; sourceTree = "<group>"; };
		D7A0068C1C3A5466000F8A72 /* AppDelegate.h */ = {isa = PBXFileReference; lastKnownFileType = sourcecode.c.h; path = AppDelegate.h; sourceTree = "<group>"; };
		D7A0068D1C3A5466000F8A72 /* AppDelegate.m */ = {isa = PBXFileReference; lastKnownFileType = sourcecode.c.objc; path = AppDelegate.m; sourceTree = "<group>"; };
		D7A0068F1C3A5466000F8A72 /* ViewController.h */ = {isa = PBXFileReference; lastKnownFileType = sourcecode.c.h; path = ViewController.h; sourceTree = "<group>"; };
		D7A006901C3A5466000F8A72 /* ViewController.m */ = {isa = PBXFileReference; lastKnownFileType = sourcecode.c.objc; path = ViewController.m; sourceTree = "<group>"; };
		D7A006931C3A5466000F8A72 /* Base */ = {isa = PBXFileReference; lastKnownFileType = file.storyboard; name = Base; path = Base.lproj/Main.storyboard; sourceTree = "<group>"; };
		D7A006951C3A5466000F8A72 /* Assets.xcassets */ = {isa = PBXFileReference; lastKnownFileType = folder.assetcatalog; path = Assets.xcassets; sourceTree = "<group>"; };
		D7A006981C3A5466000F8A72 /* Base */ = {isa = PBXFileReference; lastKnownFileType = file.storyboard; name = Base; path = Base.lproj/LaunchScreen.storyboard; sourceTree = "<group>"; };
		D7A0069A1C3A5466000F8A72 /* Info.plist */ = {isa = PBXFileReference; lastKnownFileType = text.plist.xml; path = Info.plist; sourceTree = "<group>"; };
		D7A006A71C3A5B94000F8A72 /* Rebecca.png */ = {isa = PBXFileReference; lastKnownFileType = image.png; path = Rebecca.png; sourceTree = "<group>"; };
		D7A006A81C3A5B94000F8A72 /* Taylor.png */ = {isa = PBXFileReference; lastKnownFileType = image.png; path = Taylor.png; sourceTree = "<group>"; };
		D7A006AC1C3A659D000F8A72 /* Ngoc Trinh.png */ = {isa = PBXFileReference; lastKnownFileType = image.png; path = "Ngoc Trinh.png"; sourceTree = "<group>"; };
/* End PBXFileReference section */

/* Begin PBXFrameworksBuildPhase section */
		D7A006831C3A5466000F8A72 /* Frameworks */ = {
			isa = PBXFrameworksBuildPhase;
			buildActionMask = 2147483647;
			files = (
			);
			runOnlyForDeploymentPostprocessing = 0;
		};
/* End PBXFrameworksBuildPhase section */

/* Begin PBXGroup section */
		D7A0067D1C3A5466000F8A72 = {
			isa = PBXGroup;
			children = (
				D7A006881C3A5466000F8A72 /* CreatUITableView */,
				D7A006871C3A5466000F8A72 /* Products */,
			);
			sourceTree = "<group>";
		};
		D7A006871C3A5466000F8A72 /* Products */ = {
			isa = PBXGroup;
			children = (
				D7A006861C3A5466000F8A72 /* CreatUITableView.app */,
			);
			name = Products;
			sourceTree = "<group>";
		};
		D7A006881C3A5466000F8A72 /* CreatUITableView */ = {
			isa = PBXGroup;
			children = (
				D7A0068C1C3A5466000F8A72 /* AppDelegate.h */,
				D7A0068D1C3A5466000F8A72 /* AppDelegate.m */,
				D7A0068F1C3A5466000F8A72 /* ViewController.h */,
				D7A006901C3A5466000F8A72 /* ViewController.m */,
				D7A006AC1C3A659D000F8A72 /* Ngoc Trinh.png */,
				D7A006A71C3A5B94000F8A72 /* Rebecca.png */,
				D7A006A81C3A5B94000F8A72 /* Taylor.png */,
				D7A006921C3A5466000F8A72 /* Main.storyboard */,
				D7A006951C3A5466000F8A72 /* Assets.xcassets */,
				D7A006971C3A5466000F8A72 /* LaunchScreen.storyboard */,
				D7A0069A1C3A5466000F8A72 /* Info.plist */,
				D7A006891C3A5466000F8A72 /* Supporting Files */,
			);
			path = CreatUITableView;
			sourceTree = "<group>";
		};
		D7A006891C3A5466000F8A72 /* Supporting Files */ = {
			isa = PBXGroup;
			children = (
				D7A0068A1C3A5466000F8A72 /* main.m */,
			);
			name = "Supporting Files";
			sourceTree = "<group>";
		};
/* End PBXGroup section */

/* Begin PBXNativeTarget section */
		D7A006851C3A5466000F8A72 /* CreatUITableView */ = {
			isa = PBXNativeTarget;
			buildConfigurationList = D7A0069D1C3A5466000F8A72 /* Build configuration list for PBXNativeTarget "CreatUITableView" */;
			buildPhases = (
				D7A006821C3A5466000F8A72 /* Sources */,
				D7A006831C3A5466000F8A72 /* Frameworks */,
				D7A006841C3A5466000F8A72 /* Resources */,
			);
			buildRules = (
			);
			dependencies = (
			);
			name = CreatUITableView;
			productName = CreatUITableView;
			productReference = D7A006861C3A5466000F8A72 /* CreatUITableView.app */;
			productType = "com.apple.product-type.application";
		};
/* End PBXNativeTarget section */

/* Begin PBXProject section */
		D7A0067E1C3A5466000F8A72 /* Project object */ = {
			isa = PBXProject;
			attributes = {
				LastUpgradeCheck = 0720;
				ORGANIZATIONNAME = "Dang Vu Duy";
				TargetAttributes = {
					D7A006851C3A5466000F8A72 = {
						CreatedOnToolsVersion = 7.2;
						DevelopmentTeam = 4QG3WKA74A;
					};
				};
			};
			buildConfigurationList = D7A006811C3A5466000F8A72 /* Build configuration list for PBXProject "CreatUITableView" */;
			compatibilityVersion = "Xcode 3.2";
			developmentRegion = English;
			hasScannedForEncodings = 0;
			knownRegions = (
				en,
				Base,
			);
			mainGroup = D7A0067D1C3A5466000F8A72;
			productRefGroup = D7A006871C3A5466000F8A72 /* Products */;
			projectDirPath = "";
			projectRoot = "";
			targets = (
				D7A006851C3A5466000F8A72 /* CreatUITableView */,
			);
		};
/* End PBXProject section */

/* Begin PBXResourcesBuildPhase section */
		D7A006841C3A5466000F8A72 /* Resources */ = {
			isa = PBXResourcesBuildPhase;
			buildActionMask = 2147483647;
			files = (
				D7A006991C3A5466000F8A72 /* LaunchScreen.storyboard in Resources */,
				D7A006AB1C3A5B94000F8A72 /* Taylor.png in Resources */,
				D7A006961C3A5466000F8A72 /* Assets.xcassets in Resources */,
				D7A006AD1C3A659D000F8A72 /* Ngoc Trinh.png in Resources */,
				D7A006941C3A5466000F8A72 /* Main.storyboard in Resources */,
				D7A006AA1C3A5B94000F8A72 /* Rebecca.png in Resources */,
			);
			runOnlyForDeploymentPostprocessing = 0;
		};
/* End PBXResourcesBuildPhase section */

/* Begin PBXSourcesBuildPhase section */
		D7A006821C3A5466000F8A72 /* Sources */ = {
			isa = PBXSourcesBuildPhase;
			buildActionMask = 2147483647;
			files = (
				D7A006911C3A5466000F8A72 /* ViewController.m in Sources */,
				D7A0068E1C3A5466000F8A72 /* AppDelegate.m in Sources */,
				D7A0068B1C3A5466000F8A72 /* main.m in Sources */,
			);
			runOnlyForDeploymentPostprocessing = 0;
		};
/* End PBXSourcesBuildPhase section */

/* Begin PBXVariantGroup section */
		D7A006921C3A5466000F8A72 /* Main.storyboard */ = {
			isa = PBXVariantGroup;
			children = (
				D7A006931C3A5466000F8A72 /* Base */,
			);
			name = Main.storyboard;
			sourceTree = "<group>";
		};
		D7A006971C3A5466000F8A72 /* LaunchScreen.storyboard */ = {
			isa = PBXVariantGroup;
			children = (
				D7A006981C3A5466000F8A72 /* Base */,
			);
			name = LaunchScreen.storyboard;
			sourceTree = "<group>";
		};
/* End PBXVariantGroup section */

/* Begin XCBuildConfiguration section */
		D7A0069B1C3A5466000F8A72 /* Debug */ = {
			isa = XCBuildConfiguration;
			buildSettings = {
				ALWAYS_SEARCH_USER_PATHS = NO;
				CLANG_CXX_LANGUAGE_STANDARD = "gnu++0x";
				CLANG_CXX_LIBRARY = "libc++";
				CLANG_ENABLE_MODULES = YES;
				CLANG_ENABLE_OBJC_ARC = YES;
				CLANG_WARN_BOOL_CONVERSION = YES;
				CLANG_WARN_CONSTANT_CONVERSION = YES;
				CLANG_WARN_DIRECT_OBJC_ISA_USAGE = YES_ERROR;
				CLANG_WARN_EMPTY_BODY = YES;
				CLANG_WARN_ENUM_CONVERSION = YES;
				CLANG_WARN_INT_CONVERSION = YES;
				CLANG_WARN_OBJC_ROOT_CLASS = YES_ERROR;
				CLANG_WARN_UNREACHABLE_CODE = YES;
				CLANG_WARN__DUPLICATE_METHOD_MATCH = YES;
				"CODE_SIGN_IDENTITY[sdk=iphoneos*]" = "iPhone Developer";
				COPY_PHASE_STRIP = NO;
				DEBUG_INFORMATION_FORMAT = dwarf;
				ENABLE_STRICT_OBJC_MSGSEND = YES;
				ENABLE_TESTABILITY = YES;
				GCC_C_LANGUAGE_STANDARD = gnu99;
				GCC_DYNAMIC_NO_PIC = NO;
				GCC_NO_COMMON_BLOCKS = YES;
				GCC_OPTIMIZATION_LEVEL = 0;
				GCC_PREPROCESSOR_DEFINITIONS = (
					"DEBUG=1",
					"$(inherited)",
				);
				GCC_WARN_64_TO_32_BIT_CONVERSION = YES;
				GCC_WARN_ABOUT_RETURN_TYPE = YES_ERROR;
				GCC_WARN_UNDECLARED_SELECTOR = YES;
				GCC_WARN_UNINITIALIZED_AUTOS = YES_AGGRESSIVE;
				GCC_WARN_UNUSED_FUNCTION = YES;
				GCC_WARN_UNUSED_VARIABLE = YES;
				IPHONEOS_DEPLOYMENT_TARGET = 9.2;
				MTL_ENABLE_DEBUG_INFO = YES;
				ONLY_ACTIVE_ARCH = YES;
				SDKROOT = iphoneos;
				TARGETED_DEVICE_FAMILY = "1,2";
			};
			name = Debug;
		};
		D7A0069C1C3A5466000F8A72 /* Release */ = {
			isa = XCBuildConfiguration;
			buildSettings = {
				ALWAYS_SEARCH_USER_PATHS = NO;
				CLANG_CXX_LANGUAGE_STANDARD = "gnu++0x";
				CLANG_CXX_LIBRARY = "libc++";
				CLANG_ENABLE_MODULES = YES;
				CLANG_ENABLE_OBJC_ARC = YES;
				CLANG_WARN_BOOL_CONVERSION = YES;
				CLANG_WARN_CONSTANT_CONVERSION = YES;
				CLANG_WARN_DIRECT_OBJC_ISA_USAGE = YES_ERROR;
				CLANG_WARN_EMPTY_BODY = YES;
				CLANG_WARN_ENUM_CONVERSION = YES;
				CLANG_WARN_INT_CONVERSION = YES;
				CLANG_WARN_OBJC_ROOT_CLASS = YES_ERROR;
				CLANG_WARN_UNREACHABLE_CODE = YES;
				CLANG_WARN__DUPLICATE_METHOD_MATCH = YES;
				"CODE_SIGN_IDENTITY[sdk=iphoneos*]" = "iPhone Developer";
				COPY_PHASE_STRIP = NO;
				DEBUG_INFORMATION_FORMAT = "dwarf-with-dsym";
				ENABLE_NS_ASSERTIONS = NO;
				ENABLE_STRICT_OBJC_MSGSEND = YES;
				GCC_C_LANGUAGE_STANDARD = gnu99;
				GCC_NO_COMMON_BLOCKS = YES;
				GCC_WARN_64_TO_32_BIT_CONVERSION = YES;
				GCC_WARN_ABOUT_RETURN_TYPE = YES_ERROR;
				GCC_WARN_UNDECLARED_SELECTOR = YES;
				GCC_WARN_UNINITIALIZED_AUTOS = YES_AGGRESSIVE;
				GCC_WARN_UNUSED_FUNCTION = YES;
				GCC_WARN_UNUSED_VARIABLE = YES;
				IPHONEOS_DEPLOYMENT_TARGET = 9.2;
				MTL_ENABLE_DEBUG_INFO = NO;
				SDKROOT = iphoneos;
				TARGETED_DEVICE_FAMILY = "1,2";
				VALIDATE_PRODUCT = YES;
			};
			name = Release;
		};
		D7A0069E1C3A5466000F8A72 /* Debug */ = {
			isa = XCBuildConfiguration;
			buildSettings = {
				ASSETCATALOG_COMPILER_APPICON_NAME = AppIcon;
				INFOPLIST_FILE = CreatUITableView/Info.plist;
				LD_RUNPATH_SEARCH_PATHS = "$(inherited) @executable_path/Frameworks";
				PRODUCT_BUNDLE_IDENTIFIER = Family.CreatUITableView;
				PRODUCT_NAME = "$(TARGET_NAME)";
			};
			name = Debug;
		};
		D7A0069F1C3A5466000F8A72 /* Release */ = {
			isa = XCBuildConfiguration;
			buildSettings = {
				ASSETCATALOG_COMPILER_APPICON_NAME = AppIcon;
				INFOPLIST_FILE = CreatUITableView/Info.plist;
				LD_RUNPATH_SEARCH_PATHS = "$(inherited) @executable_path/Frameworks";
				PRODUCT_BUNDLE_IDENTIFIER = Family.CreatUITableView;
				PRODUCT_NAME = "$(TARGET_NAME)";
			};
			name = Release;
		};
/* End XCBuildConfiguration section */

/* Begin XCConfigurationList section */
		D7A006811C3A5466000F8A72 /* Build configuration list for PBXProject "CreatUITableView" */ = {
			isa = XCConfigurationList;
			buildConfigurations = (
				D7A0069B1C3A5466000F8A72 /* Debug */,
				D7A0069C1C3A5466000F8A72 /* Release */,
			);
			defaultConfigurationIsVisible = 0;
			defaultConfigurationName = Release;
		};
		D7A0069D1C3A5466000F8A72 /* Build configuration list for PBXNativeTarget "CreatUITableView" */ = {
			isa = XCConfigurationList;
			buildConfigurations = (
				D7A0069E1C3A5466000F8A72 /* Debug */,
				D7A0069F1C3A5466000F8A72 /* Release */,
			);
			defaultConfigurationIsVisible = 0;
		};
/* End XCConfigurationList section */
	};
	rootObject = D7A0067E1C3A5466000F8A72 /* Project object */;
}
